{
  "name": "FinalProjectVue",
  "lockfileVersion": 3,
  "requires": true,
  "packages": {
    "": {
      "dependencies": {
        "maska": "^3.0.3"
      }
    },
    "node_modules/maska": {
      "version": "3.0.3",
      "resolved": "https://registry.npmjs.org/maska/-/maska-3.0.3.tgz",
      "integrity": "sha512-ItFbuqVeBKk1JmC4QCRxKeNaX+Ym/oMUYZVXwvAPKAwMeO4bYZpIGjNWOcZy+L8YXQaPvCZ68+5eYpGRdyaA8w==",
      "license": "MIT"
    }
  }
}
